# Generated by pub
# See https://dart.dev/tools/pub/glossary#lockfile
packages:
  animated_floatactionbuttons:
    dependency: "direct main"
    description:
      name: animated_floatactionbuttons
      url: "https://pub.dartlang.org"
    source: hosted
    version: "0.1.0"
  ansicolor:
    dependency: transitive
    description:
      name: ansicolor
      url: "https://pub.dartlang.org"
    source: hosted
    version: "1.0.2"
  archive:
    dependency: transitive
    description:
      name: archive
      url: "https://pub.dartlang.org"
    source: hosted
    version: "2.0.13"
  args:
    dependency: transitive
    description:
      name: args
      url: "https://pub.dartlang.org"
    source: hosted
    version: "1.6.0"
  async:
    dependency: transitive
    description:
      name: async
      url: "https://pub.dartlang.org"
    source: hosted
    version: "2.4.1"
  background_locator:
    dependency: "direct main"
    description:
      name: background_locator
      url: "https://pub.dartlang.org"
    source: hosted
    version: "1.1.2+2"
  badges:
    dependency: "direct main"
    description:
      name: badges
      url: "https://pub.dartlang.org"
    source: hosted
    version: "1.1.1"
  barcode:
    dependency: transitive
    description:
      name: barcode
      url: "https://pub.dartlang.org"
    source: hosted
    version: "1.10.0"
  cached_network_image:
    dependency: transitive
    description:
      name: cached_network_image
      url: "https://pub.dartlang.org"
    source: hosted
    version: "2.2.0+1"
  characters:
    dependency: transitive
    description:
      name: characters
      url: "https://pub.dartlang.org"
    source: hosted
    version: "0.5.0"
  charcode:
    dependency: transitive
    description:
      name: charcode
      url: "https://pub.dartlang.org"
    source: hosted
    version: "1.1.3"
  charset_converter:
    dependency: transitive
    description:
      name: charset_converter
      url: "https://pub.dartlang.org"
    source: hosted
    version: "1.0.3"
  clock:
    dependency: transitive
    description:
      name: clock
      url: "https://pub.dartlang.org"
    source: hosted
    version: "1.0.1"
  collection:
    dependency: transitive
    description:
      name: collection
      url: "https://pub.dartlang.org"
    source: hosted
    version: "1.14.12"
  console_log_handler:
    dependency: transitive
    description:
      name: console_log_handler
      url: "https://pub.dartlang.org"
    source: hosted
    version: "1.1.6"
  convert:
    dependency: transitive
    description:
      name: convert
      url: "https://pub.dartlang.org"
    source: hosted
    version: "2.1.1"
  crypto:
    dependency: transitive
    description:
      name: crypto
      url: "https://pub.dartlang.org"
    source: hosted
    version: "2.1.4"
  cupertino_icons:
    dependency: transitive
    description:
      name: cupertino_icons
      url: "https://pub.dartlang.org"
    source: hosted
    version: "0.1.3"
  dart_hydrologis_utils:
    dependency: "direct main"
    description:
      name: dart_hydrologis_utils
      url: "https://pub.dartlang.org"
    source: hosted
    version: "0.4.0"
  dart_jts:
    dependency: transitive
    description:
      name: dart_jts
      url: "https://pub.dartlang.org"
    source: hosted
    version: "0.0.5+3"
  dart_shp:
    dependency: "direct main"
    description:
      name: dart_shp
      url: "https://pub.dartlang.org"
    source: hosted
    version: "0.3.0"
  dcache:
    dependency: transitive
    description:
      path: "."
      ref: HEAD
      resolved-ref: "1be46cdafb5350cc2cef9015ac1e936785f484f3"
      url: "https://github.com/mikes222/dcache"
    source: git
    version: "0.3.0"
  device_info:
    dependency: transitive
    description:
      name: device_info
      url: "https://pub.dartlang.org"
    source: hosted
    version: "0.4.2+4"
  dio:
    dependency: transitive
    description:
      name: dio
      url: "https://pub.dartlang.org"
    source: hosted
    version: "3.0.9"
  extended_image:
    dependency: "direct main"
    description:
      name: extended_image
      url: "https://pub.dartlang.org"
    source: hosted
    version: "0.7.4"
  extended_image_library:
    dependency: transitive
    description:
      name: extended_image_library
      url: "https://pub.dartlang.org"
    source: hosted
    version: "0.2.3"
  file:
    dependency: transitive
    description:
      name: file
      url: "https://pub.dartlang.org"
    source: hosted
    version: "5.1.0"
  flutter:
    dependency: "direct main"
    description: flutter
    source: sdk
    version: "0.0.0"
  flutter_cache_manager:
    dependency: transitive
    description:
      name: flutter_cache_manager
      url: "https://pub.dartlang.org"
    source: hosted
    version: "1.2.2"
  flutter_datetime_picker:
    dependency: "direct main"
    description:
      name: flutter_datetime_picker
      url: "https://pub.dartlang.org"
    source: hosted
    version: "1.3.8"
  flutter_geopackage:
    dependency: "direct main"
    description:
      name: flutter_geopackage
      url: "https://pub.dartlang.org"
    source: hosted
    version: "0.1.2"
  flutter_image:
    dependency: transitive
    description:
      name: flutter_image
      url: "https://pub.dartlang.org"
    source: hosted
    version: "3.0.0"
  flutter_launcher_icons:
    dependency: "direct dev"
    description:
      name: flutter_launcher_icons
      url: "https://pub.dartlang.org"
    source: hosted
    version: "0.7.5"
  flutter_map:
    dependency: "direct main"
    description:
      path: "."
      ref: HEAD
      resolved-ref: "1ec33f83ee65c6aaaadcf4014fdd83534b648645"
      url: "https://github.com/moovida/flutter_map.git"
    source: git
    version: "0.9.0"
  flutter_map_marker_cluster:
    dependency: "direct main"
    description:
      path: "."
      ref: HEAD
      resolved-ref: feed966e017b7c5ec4f8551ff1ce7c470d0d3936
      url: "https://github.com/moovida/flutter_map_marker_cluster.git"
    source: git
    version: "0.2.7"
  flutter_material_color_picker:
    dependency: "direct main"
    description:
      name: flutter_material_color_picker
      url: "https://pub.dartlang.org"
    source: hosted
    version: "1.0.5"
  flutter_plugin_android_lifecycle:
    dependency: transitive
    description:
      name: flutter_plugin_android_lifecycle
      url: "https://pub.dartlang.org"
    source: hosted
    version: "1.0.7"
  flutter_slidable:
    dependency: "direct main"
    description:
      name: flutter_slidable
      url: "https://pub.dartlang.org"
    source: hosted
    version: "0.5.4"
  flutter_svg:
    dependency: transitive
    description:
      name: flutter_svg
      url: "https://pub.dartlang.org"
    source: hosted
    version: "0.17.3+1"
  flutter_tags:
    dependency: "direct main"
    description:
      name: flutter_tags
      url: "https://pub.dartlang.org"
    source: hosted
    version: "0.4.8+1"
  flutter_web_plugins:
    dependency: transitive
    description: flutter
    source: sdk
    version: "0.0.0"
  geocoder:
    dependency: "direct main"
    description:
      name: geocoder
      url: "https://pub.dartlang.org"
    source: hosted
    version: "0.2.1"
  gpx:
    dependency: "direct main"
    description:
      name: gpx
      url: "https://pub.dartlang.org"
    source: hosted
    version: "0.0.3"
  hex:
    dependency: transitive
    description:
      name: hex
      url: "https://pub.dartlang.org"
    source: hosted
    version: "0.1.2"
  http:
    dependency: transitive
    description:
      name: http
      url: "https://pub.dartlang.org"
    source: hosted
    version: "0.12.1"
  http_client_helper:
    dependency: transitive
    description:
      name: http_client_helper
      url: "https://pub.dartlang.org"
    source: hosted
    version: "0.2.1"
  http_parser:
    dependency: transitive
    description:
      name: http_parser
      url: "https://pub.dartlang.org"
    source: hosted
    version: "3.1.4"
  image:
    dependency: transitive
    description:
      name: image
      url: "https://pub.dartlang.org"
    source: hosted
    version: "2.1.12"
  image_picker:
    dependency: transitive
    description:
      name: image_picker
      url: "https://pub.dartlang.org"
    source: hosted
    version: "0.6.6+4"
  image_picker_platform_interface:
    dependency: transitive
    description:
      name: image_picker_platform_interface
      url: "https://pub.dartlang.org"
    source: hosted
    version: "1.0.0"
  intl:
    dependency: transitive
    description:
      name: intl
      url: "https://pub.dartlang.org"
    source: hosted
    version: "0.16.1"
  io:
    dependency: transitive
    description:
      name: io
      url: "https://pub.dartlang.org"
    source: hosted
    version: "0.3.4"
  lat_lon_grid_plugin:
    dependency: "direct main"
    description:
      path: "."
      ref: HEAD
      resolved-ref: b0ff01ff098e26fa320be518dfd0392ebcf9ec6e
      url: "https://github.com/moovida/lat_lon_grid_plugin.git"
    source: git
    version: "0.1.1"
  latlong:
    dependency: "direct main"
    description:
      name: latlong
      url: "https://pub.dartlang.org"
    source: hosted
    version: "0.6.1"
  lists:
    dependency: transitive
    description:
      name: lists
      url: "https://pub.dartlang.org"
    source: hosted
    version: "0.1.6"
  logger:
    dependency: transitive
    description:
      name: logger
      url: "https://pub.dartlang.org"
    source: hosted
    version: "0.8.3"
  logging:
    dependency: transitive
    description:
      name: logging
      url: "https://pub.dartlang.org"
    source: hosted
    version: "0.11.4"
  mapsforge_flutter:
    dependency: "direct main"
    description:
      path: mapsforge_flutter
      ref: libs_upgrade
      resolved-ref: feed2ebb3d30eb2bf015f82a44cfd5cd062bf3f3
      url: "https://github.com/moovida/mapsforge_flutter.git"
    source: git
    version: "0.0.1"
  matcher:
    dependency: transitive
    description:
      name: matcher
      url: "https://pub.dartlang.org"
    source: hosted
    version: "0.12.6"
  material_design_icons_flutter:
    dependency: transitive
    description:
      name: material_design_icons_flutter
      url: "https://pub.dartlang.org"
    source: hosted
    version: "4.0.5245"
  meta:
    dependency: transitive
    description:
      name: meta
      url: "https://pub.dartlang.org"
    source: hosted
    version: "1.1.8"
  mgrs_dart:
    dependency: transitive
    description:
      name: mgrs_dart
      url: "https://pub.dartlang.org"
    source: hosted
    version: "1.0.1"
  package_info:
    dependency: "direct main"
    description:
      name: package_info
      url: "https://pub.dartlang.org"
    source: hosted
    version: "0.4.0+18"
  path:
    dependency: transitive
    description:
      name: path
      url: "https://pub.dartlang.org"
    source: hosted
    version: "1.7.0"
  path_drawing:
    dependency: transitive
    description:
      name: path_drawing
      url: "https://pub.dartlang.org"
    source: hosted
    version: "0.4.1"
  path_parsing:
    dependency: transitive
    description:
      name: path_parsing
      url: "https://pub.dartlang.org"
    source: hosted
    version: "0.1.4"
  path_provider:
    dependency: transitive
    description:
      name: path_provider
      url: "https://pub.dartlang.org"
    source: hosted
    version: "1.6.8"
  path_provider_ex:
    dependency: transitive
    description:
      name: path_provider_ex
      url: "https://pub.dartlang.org"
    source: hosted
    version: "1.0.1"
  path_provider_macos:
    dependency: transitive
    description:
      name: path_provider_macos
      url: "https://pub.dartlang.org"
    source: hosted
    version: "0.0.4+2"
  path_provider_platform_interface:
    dependency: transitive
    description:
      name: path_provider_platform_interface
      url: "https://pub.dartlang.org"
    source: hosted
    version: "1.0.2"
  pdf:
    dependency: "direct main"
    description:
      name: pdf
      url: "https://pub.dartlang.org"
    source: hosted
    version: "1.8.1"
  pedantic:
    dependency: transitive
    description:
      name: pedantic
      url: "https://pub.dartlang.org"
    source: hosted
    version: "1.9.0"
  permission_handler:
    dependency: transitive
    description:
      name: permission_handler
      url: "https://pub.dartlang.org"
    source: hosted
    version: "4.4.0+hotfix.4"
  permission_handler_platform_interface:
    dependency: transitive
    description:
      name: permission_handler_platform_interface
      url: "https://pub.dartlang.org"
    source: hosted
    version: "1.0.0"
  petitparser:
    dependency: transitive
    description:
      name: petitparser
      url: "https://pub.dartlang.org"
    source: hosted
    version: "3.0.2"
  platform:
    dependency: transitive
    description:
      name: platform
      url: "https://pub.dartlang.org"
    source: hosted
    version: "2.2.1"
  platform_detect:
    dependency: transitive
    description:
      name: platform_detect
      url: "https://pub.dartlang.org"
    source: hosted
    version: "1.4.0"
  plugin_platform_interface:
    dependency: transitive
    description:
      name: plugin_platform_interface
      url: "https://pub.dartlang.org"
    source: hosted
    version: "1.0.2"
  positioned_tap_detector:
    dependency: transitive
    description:
      name: positioned_tap_detector
      url: "https://pub.dartlang.org"
    source: hosted
    version: "1.0.3"
  proj4dart:
    dependency: transitive
    description:
      name: proj4dart
      url: "https://pub.dartlang.org"
    source: hosted
    version: "1.0.5"
  provider:
    dependency: transitive
    description:
      name: provider
      url: "https://pub.dartlang.org"
    source: hosted
    version: "3.2.0"
  pub_semver:
    dependency: transitive
    description:
      name: pub_semver
      url: "https://pub.dartlang.org"
    source: hosted
    version: "1.4.4"
  qr:
    dependency: transitive
    description:
      name: qr
      url: "https://pub.dartlang.org"
    source: hosted
    version: "1.2.0"
  quiver:
    dependency: transitive
    description:
      name: quiver
      url: "https://pub.dartlang.org"
    source: hosted
    version: "2.1.3"
  rxdart:
    dependency: transitive
    description:
      name: rxdart
      url: "https://pub.dartlang.org"
    source: hosted
    version: "0.23.1"
  screen:
    dependency: transitive
    description:
      name: screen
      url: "https://pub.dartlang.org"
    source: hosted
    version: "0.0.5"
  share_extend:
    dependency: transitive
    description:
      name: share_extend
      url: "https://pub.dartlang.org"
    source: hosted
    version: "1.1.5"
  shared_preferences:
    dependency: transitive
    description:
      name: shared_preferences
      url: "https://pub.dartlang.org"
    source: hosted
    version: "0.5.7+2"
  shared_preferences_macos:
    dependency: transitive
    description:
      name: shared_preferences_macos
      url: "https://pub.dartlang.org"
    source: hosted
    version: "0.0.1+8"
  shared_preferences_platform_interface:
    dependency: transitive
    description:
      name: shared_preferences_platform_interface
      url: "https://pub.dartlang.org"
    source: hosted
    version: "1.0.4"
  shared_preferences_web:
    dependency: transitive
    description:
      name: shared_preferences_web
      url: "https://pub.dartlang.org"
    source: hosted
    version: "0.1.2+5"
  sky_engine:
    dependency: transitive
    description: flutter
    source: sdk
    version: "0.0.99"
  smashlibs:
    dependency: "direct main"
    description:
      path: "."
      ref: HEAD
      resolved-ref: ac7fddeb0cc53f74f0d7c1dcae8278c9cf018eb5
      url: "https://github.com/moovida/smashlibs.git"
    source: git
    version: "1.0.0"
  source_span:
    dependency: transitive
    description:
      name: source_span
      url: "https://pub.dartlang.org"
    source: hosted
    version: "1.7.0"
  sqflite:
    dependency: transitive
    description:
      name: sqflite
      url: "https://pub.dartlang.org"
    source: hosted
    version: "1.3.0+1"
  sqflite_common:
    dependency: transitive
    description:
      name: sqflite_common
      url: "https://pub.dartlang.org"
    source: hosted
    version: "1.0.1"
  stack_trace:
    dependency: "direct main"
    description:
      name: stack_trace
      url: "https://pub.dartlang.org"
    source: hosted
    version: "1.9.3"
  string_scanner:
    dependency: transitive
    description:
      name: string_scanner
      url: "https://pub.dartlang.org"
    source: hosted
    version: "1.0.5"
  synchronized:
    dependency: transitive
    description:
      name: synchronized
      url: "https://pub.dartlang.org"
    source: hosted
    version: "2.2.0"
  term_glyph:
    dependency: transitive
    description:
      name: term_glyph
      url: "https://pub.dartlang.org"
    source: hosted
    version: "1.1.0"
  transparent_image:
    dependency: transitive
    description:
      name: transparent_image
      url: "https://pub.dartlang.org"
    source: hosted
    version: "1.0.0"
  tuple:
    dependency: transitive
    description:
      name: tuple
      url: "https://pub.dartlang.org"
    source: hosted
    version: "1.0.3"
  typed_data:
    dependency: transitive
    description:
      name: typed_data
      url: "https://pub.dartlang.org"
    source: hosted
    version: "1.1.6"
  unicode:
    dependency: transitive
    description:
      name: unicode
      url: "https://pub.dartlang.org"
    source: hosted
    version: "0.2.3"
  url_launcher:
    dependency: "direct main"
    description:
      name: url_launcher
      url: "https://pub.dartlang.org"
    source: hosted
    version: "5.4.7"
  url_launcher_macos:
    dependency: transitive
    description:
      name: url_launcher_macos
      url: "https://pub.dartlang.org"
    source: hosted
    version: "0.0.1+5"
  url_launcher_platform_interface:
    dependency: transitive
    description:
      name: url_launcher_platform_interface
      url: "https://pub.dartlang.org"
    source: hosted
    version: "1.0.7"
  url_launcher_web:
    dependency: transitive
    description:
      name: url_launcher_web
      url: "https://pub.dartlang.org"
    source: hosted
    version: "0.1.1+6"
  utf:
    dependency: transitive
    description:
      name: utf
      url: "https://pub.dartlang.org"
    source: hosted
    version: "0.9.0+5"
  uuid:
    dependency: transitive
    description:
      name: uuid
      url: "https://pub.dartlang.org"
    source: hosted
    version: "2.0.4"
  validate:
    dependency: transitive
    description:
      name: validate
      url: "https://pub.dartlang.org"
    source: hosted
    version: "1.7.0"
  vector_math:
    dependency: transitive
    description:
      name: vector_math
      url: "https://pub.dartlang.org"
    source: hosted
    version: "2.0.8"
  wkt_parser:
    dependency: transitive
    description:
      name: wkt_parser
      url: "https://pub.dartlang.org"
    source: hosted
    version: "1.0.7"
  xml:
    dependency: transitive
    description:
      name: xml
      url: "https://pub.dartlang.org"
    source: hosted
    version: "3.7.0"
  yaml:
    dependency: transitive
    description:
      name: yaml
      url: "https://pub.dartlang.org"
    source: hosted
    version: "2.2.1"
sdks:
  dart: ">=2.7.0 <3.0.0"
  flutter: ">=1.12.13+hotfix.5 <2.0.0"
