# Generated by pub
# See https://dart.dev/tools/pub/glossary#lockfile
packages:
  _fe_analyzer_shared:
    dependency: transitive
    description:
      name: _fe_analyzer_shared
      sha256: ae92f5d747aee634b87f89d9946000c2de774be1d6ac3e58268224348cd0101a
      url: "https://pub.dev"
    source: hosted
    version: "61.0.0"
  after_layout:
    dependency: "direct main"
    description:
      name: after_layout
      sha256: "95a1cb2ca1464f44f14769329fbf15987d20ab6c88f8fc5d359bd362be625f29"
      url: "https://pub.dev"
    source: hosted
    version: "1.2.0"
  analyzer:
    dependency: transitive
    description:
      name: analyzer
      sha256: ea3d8652bda62982addfd92fdc2d0214e5f82e43325104990d4f4c4a2a313562
      url: "https://pub.dev"
    source: hosted
    version: "5.13.0"
  animated_stack_widget:
    dependency: transitive
    description:
      name: animated_stack_widget
      sha256: ce4788dd158768c9d4388354b6fb72600b78e041a37afc4c279c63ecafcb9408
      url: "https://pub.dev"
    source: hosted
    version: "0.0.4"
  archive:
    dependency: transitive
    description:
      name: archive
      sha256: e0902a06f0e00414e4e3438a084580161279f137aeb862274710f29ec10cf01e
      url: "https://pub.dev"
    source: hosted
    version: "3.3.9"
  args:
    dependency: transitive
    description:
      name: args
      sha256: eef6c46b622e0494a36c5a12d10d77fb4e855501a91c1b9ef9339326e58f0596
      url: "https://pub.dev"
    source: hosted
    version: "2.4.2"
  async:
    dependency: transitive
    description:
      name: async
      sha256: "947bfcf187f74dbc5e146c9eb9c0f10c9f8b30743e341481c1e2ed3ecc18c20c"
      url: "https://pub.dev"
    source: hosted
    version: "2.11.0"
  background_locator_2:
    dependency: "direct main"
    description:
      path: "."
      ref: "fix/callback-in-release-build"
      resolved-ref: "3e0e4dcad802b5122d480c940e391c4b518a4f45"
      url: "https://github.com/sanak/background_locator_2.git"
    source: git
    version: "2.0.6"
  badges:
    dependency: "direct main"
    description:
      name: badges
      sha256: a7b6bbd60dce418df0db3058b53f9d083c22cdb5132a052145dc267494df0b84
      url: "https://pub.dev"
    source: hosted
    version: "3.1.2"
  barcode:
    dependency: transitive
    description:
      name: barcode
      sha256: "789f898eef0bd88312470bdb2cc996f895ad7dd5f89e9adde84b204546a90b45"
      url: "https://pub.dev"
    source: hosted
    version: "2.2.4"
  bidi:
    dependency: transitive
    description:
      name: bidi
      sha256: "1a7d0c696324b2089f72e7671fd1f1f64fef44c980f3cebc84e803967c597b63"
      url: "https://pub.dev"
    source: hosted
    version: "2.0.10"
  boolean_selector:
    dependency: transitive
    description:
      name: boolean_selector
      sha256: "6cfb5af12253eaf2b368f07bacc5a80d1301a071c73360d746b7f2e32d762c66"
      url: "https://pub.dev"
    source: hosted
    version: "2.1.1"
  buffer:
    dependency: transitive
    description:
      name: buffer
      sha256: "8962c12174f53e2e848a6acd7ac7fd63d8a1a6a316c20c458a832d87eba5422a"
      url: "https://pub.dev"
    source: hosted
    version: "1.2.0"
  characters:
    dependency: transitive
    description:
      name: characters
      sha256: "04a925763edad70e8443c99234dc3328f442e811f1d8fd1a72f1c8ad0f69a605"
      url: "https://pub.dev"
    source: hosted
    version: "1.3.0"
  charcode:
    dependency: transitive
    description:
      name: charcode
      sha256: fb98c0f6d12c920a02ee2d998da788bca066ca5f148492b7085ee23372b12306
      url: "https://pub.dev"
    source: hosted
    version: "1.3.1"
  checked_yaml:
    dependency: transitive
    description:
      name: checked_yaml
      sha256: feb6bed21949061731a7a75fc5d2aa727cf160b91af9a3e464c5e3a32e28b5ff
      url: "https://pub.dev"
    source: hosted
    version: "2.0.3"
  cli_util:
    dependency: transitive
    description:
      name: cli_util
      sha256: b8db3080e59b2503ca9e7922c3df2072cf13992354d5e944074ffa836fba43b7
      url: "https://pub.dev"
    source: hosted
    version: "0.4.0"
  clock:
    dependency: transitive
    description:
      name: clock
      sha256: cb6d7f03e1de671e34607e909a7213e31d7752be4fb66a86d29fe1eb14bfb5cf
      url: "https://pub.dev"
    source: hosted
    version: "1.1.1"
  collection:
    dependency: transitive
    description:
      name: collection
      sha256: f092b211a4319e98e5ff58223576de6c2803db36221657b46c82574721240687
      url: "https://pub.dev"
    source: hosted
    version: "1.17.2"
  convert:
    dependency: transitive
    description:
      name: convert
      sha256: "0f08b14755d163f6e2134cb58222dd25ea2a2ee8a195e53983d57c075324d592"
      url: "https://pub.dev"
    source: hosted
    version: "3.1.1"
  coverage:
    dependency: transitive
    description:
      name: coverage
      sha256: "2fb815080e44a09b85e0f2ca8a820b15053982b2e714b59267719e8a9ff17097"
      url: "https://pub.dev"
    source: hosted
    version: "1.6.3"
  cross_file:
    dependency: transitive
    description:
      name: cross_file
      sha256: fd832b5384d0d6da4f6df60b854d33accaaeb63aa9e10e736a87381f08dee2cb
      url: "https://pub.dev"
    source: hosted
    version: "0.3.3+5"
  crypto:
    dependency: transitive
    description:
      name: crypto
      sha256: ff625774173754681d66daaf4a448684fb04b78f902da9cb3d308c19cc5e8bab
      url: "https://pub.dev"
    source: hosted
    version: "3.0.3"
  dart_hydrologis_db:
    dependency: "direct main"
    description:
      name: dart_hydrologis_db
      sha256: "5aa48e3f2ed6928c15c83b30df95307c2c777680398f85214ee3529366100147"
      url: "https://pub.dev"
    source: hosted
    version: "1.1.0+1"
  dart_hydrologis_utils:
    dependency: "direct main"
    description:
      name: dart_hydrologis_utils
      sha256: ed7b48aed1c630e81ea6c5efd41557b4b23aa42efb073138cb792885c4406b95
      url: "https://pub.dev"
    source: hosted
    version: "0.8.1+1"
  dart_jts:
    dependency: "direct main"
    description:
      name: dart_jts
      sha256: "62e26489c7fd9558e3092f377e47558856e8127f5ad339e7b9522dfc650aa54f"
      url: "https://pub.dev"
    source: hosted
    version: "0.2.4"
  dart_postgis:
    dependency: "direct main"
    description:
      name: dart_postgis
      sha256: ce61c709cc156688bdb589de5b29e7b0a305eb8eca8fa421e88d2402139be6e4
      url: "https://pub.dev"
    source: hosted
    version: "0.3.2+2"
  dart_shp:
    dependency: "direct main"
    description:
      name: dart_shp
      sha256: f161ab5297e099d07d22c44eda651cd24166f11e30e54656f16941a586d3ba95
      url: "https://pub.dev"
    source: hosted
    version: "1.1.0+2"
  device_info_plus:
    dependency: transitive
    description:
      name: device_info_plus
      sha256: "86add5ef97215562d2e090535b0a16f197902b10c369c558a100e74ea06e8659"
      url: "https://pub.dev"
    source: hosted
    version: "9.0.3"
  device_info_plus_platform_interface:
    dependency: transitive
    description:
      name: device_info_plus_platform_interface
      sha256: d3b01d5868b50ae571cd1dc6e502fc94d956b665756180f7b16ead09e836fd64
      url: "https://pub.dev"
    source: hosted
    version: "7.0.0"
  dio:
    dependency: transitive
    description:
      name: dio
      sha256: ce75a1b40947fea0a0e16ce73337122a86762e38b982e1ccb909daa3b9bc4197
      url: "https://pub.dev"
    source: hosted
    version: "5.3.2"
  ecache:
    dependency: transitive
    description:
      name: ecache
      sha256: "217d8e6a86cd39df9c65151f840209d37f41b0909c97ad73fe00ef1c8db284e4"
      url: "https://pub.dev"
    source: hosted
    version: "2.0.2"
  equatable:
    dependency: transitive
    description:
      name: equatable
      sha256: c2b87cb7756efdf69892005af546c56c0b5037f54d2a88269b4f347a505e3ca2
      url: "https://pub.dev"
    source: hosted
    version: "2.0.5"
  extended_image:
    dependency: "direct main"
    description:
      path: "."
      ref: "migrate-to-3.13"
      resolved-ref: cff3309c3de6ec33482b4039acf002a28be69bac
      url: "https://github.com/laiiihz/extended_image"
    source: git
    version: "8.0.2"
  extended_image_library:
    dependency: transitive
    description:
      name: extended_image_library
      sha256: af3ff1c09c23ca7663f94272313d63499a6bd19121e99378e375e0cf2ac7a3e4
      url: "https://pub.dev"
    source: hosted
    version: "3.5.2"
  fake_async:
    dependency: transitive
    description:
      name: fake_async
      sha256: "511392330127add0b769b75a987850d136345d9227c6b94c96a04cf4a391bf78"
      url: "https://pub.dev"
    source: hosted
    version: "1.3.1"
  ffi:
    dependency: transitive
    description:
      name: ffi
      sha256: "7bf0adc28a23d395f19f3f1eb21dd7cfd1dd9f8e1c50051c069122e6853bc878"
      url: "https://pub.dev"
    source: hosted
    version: "2.1.0"
  file:
    dependency: transitive
    description:
      name: file
      sha256: "1b92bec4fc2a72f59a8e15af5f52cd441e4a7860b49499d69dfa817af20e925d"
      url: "https://pub.dev"
    source: hosted
    version: "6.1.4"
  file_picker:
    dependency: transitive
    description:
      name: file_picker
      sha256: be325344c1f3070354a1d84a231a1ba75ea85d413774ec4bdf444c023342e030
      url: "https://pub.dev"
    source: hosted
    version: "5.5.0"
  file_selector_linux:
    dependency: transitive
    description:
      name: file_selector_linux
      sha256: "045d372bf19b02aeb69cacf8b4009555fb5f6f0b7ad8016e5f46dd1387ddd492"
      url: "https://pub.dev"
    source: hosted
    version: "0.9.2+1"
  file_selector_macos:
    dependency: transitive
    description:
      name: file_selector_macos
      sha256: b15c3da8bd4908b9918111fa486903f5808e388b8d1c559949f584725a6594d6
      url: "https://pub.dev"
    source: hosted
    version: "0.9.3+3"
  file_selector_platform_interface:
    dependency: transitive
    description:
      name: file_selector_platform_interface
      sha256: "0aa47a725c346825a2bd396343ce63ac00bda6eff2fbc43eabe99737dede8262"
      url: "https://pub.dev"
    source: hosted
    version: "2.6.1"
  file_selector_windows:
    dependency: transitive
    description:
      name: file_selector_windows
      sha256: d3547240c20cabf205c7c7f01a50ecdbc413755814d6677f3cb366f04abcead0
      url: "https://pub.dev"
    source: hosted
    version: "0.9.3+1"
  fl_chart:
    dependency: "direct main"
    description:
      name: fl_chart
      sha256: "749b3342ea3e95cbf61a0fec31a62606e837377b8b6d0caa7367a7ef80f38b7d"
      url: "https://pub.dev"
    source: hosted
    version: "0.55.2"
  flutter:
    dependency: transitive
    description: flutter
    source: sdk
    version: "0.0.0"
  flutter_colorpicker:
    dependency: transitive
    description:
      name: flutter_colorpicker
      sha256: "458a6ed8ea480eb16ff892aedb4b7092b2804affd7e046591fb03127e8d8ef8b"
      url: "https://pub.dev"
    source: hosted
    version: "1.0.3"
  flutter_geopackage:
    dependency: "direct main"
    description:
      name: flutter_geopackage
      sha256: "088a307112cc73f52e1f273d988185bb035274e92b31c200b3b1058f1277df68"
      url: "https://pub.dev"
    source: hosted
    version: "0.6.4+2"
  flutter_launcher_icons:
    dependency: "direct dev"
    description:
      name: flutter_launcher_icons
      sha256: "526faf84284b86a4cb36d20a5e45147747b7563d921373d4ee0559c54fcdbcea"
      url: "https://pub.dev"
    source: hosted
    version: "0.13.1"
  flutter_localizations:
    dependency: "direct main"
    description: flutter
    source: sdk
    version: "0.0.0"
  flutter_map:
    dependency: "direct main"
    description:
      name: flutter_map
      sha256: "52c65a977daae42f9aae6748418dd1535eaf27186e9bac9bf431843082bc75a3"
      url: "https://pub.dev"
    source: hosted
    version: "4.0.0"
  flutter_map_dragmarker:
    dependency: transitive
    description:
      name: flutter_map_dragmarker
      sha256: c41e8f6d52dd5dcb92456f6bea172b1c292fde8f208e1b9483cfce74c7155f45
      url: "https://pub.dev"
    source: hosted
    version: "4.1.3"
  flutter_map_line_editor:
    dependency: "direct main"
    description:
      name: flutter_map_line_editor
      sha256: da1ff6934d38cc9671b09a0944dcbdd122e89e83e96aa72cf65542222d259b8b
      url: "https://pub.dev"
    source: hosted
    version: "4.1.0"
  flutter_map_marker_cluster:
    dependency: "direct main"
    description:
      name: flutter_map_marker_cluster
      sha256: "362088b16311b6743a7930857129ec6c7c807ecca777fe1033c0ad6688339e36"
      url: "https://pub.dev"
    source: hosted
    version: "1.1.1"
  flutter_map_marker_popup:
    dependency: transitive
    description:
      name: flutter_map_marker_popup
      sha256: "7cf30fab25ffe1ba04a9e0fbe1227f44a83c73256d4d70be1c26cf141ce5c41d"
      url: "https://pub.dev"
    source: hosted
    version: "4.1.0"
  flutter_material_pickers:
    dependency: transitive
    description:
      name: flutter_material_pickers
      sha256: "1100bfd9a296a6680578aba8c51a0db114fb8ef94708fe320fe6da92b1f8c0e1"
      url: "https://pub.dev"
    source: hosted
    version: "3.6.0"
  flutter_plugin_android_lifecycle:
    dependency: transitive
    description:
      name: flutter_plugin_android_lifecycle
      sha256: f185ac890306b5779ecbd611f52502d8d4d63d27703ef73161ca0407e815f02c
      url: "https://pub.dev"
    source: hosted
    version: "2.0.16"
  flutter_ringtone_player:
    dependency: "direct main"
    description:
      name: flutter_ringtone_player
      sha256: "0b036416fda0654da52221989bd1a8ccd2876cea57f61ecc3a4fc272bd738c67"
      url: "https://pub.dev"
    source: hosted
    version: "3.2.0"
  flutter_screen_wake:
    dependency: transitive
    description:
      name: flutter_screen_wake
      sha256: "7c69295d1405a5e7b673f5fe938d116076a4e8620cacdf04e884242622296f65"
      url: "https://pub.dev"
    source: hosted
    version: "1.0.2"
  flutter_slidable:
    dependency: "direct main"
    description:
      name: flutter_slidable
      sha256: "6c68e1fad129b4b807b2218ef4cf7f7f6f61c5ec8861c990dc2278d9d03cb09f"
      url: "https://pub.dev"
    source: hosted
    version: "2.0.0"
  flutter_svg:
    dependency: transitive
    description:
      name: flutter_svg
      sha256: "6ff9fa12892ae074092de2fa6a9938fb21dbabfdaa2ff57dc697ff912fc8d4b2"
      url: "https://pub.dev"
    source: hosted
    version: "1.1.6"
  flutter_tags_x:
    dependency: transitive
    description:
      name: flutter_tags_x
      sha256: b9e5e55ff79ff6b8250008eb3ea498ddd0a03213c441b25275484f601654a412
      url: "https://pub.dev"
    source: hosted
    version: "1.1.0"
  flutter_test:
    dependency: transitive
    description: flutter
    source: sdk
    version: "0.0.0"
  flutter_web_plugins:
    dependency: transitive
    description: flutter
    source: sdk
    version: "0.0.0"
  frontend_server_client:
    dependency: transitive
    description:
      name: frontend_server_client
      sha256: "408e3ca148b31c20282ad6f37ebfa6f4bdc8fede5b74bc2f08d9d92b55db3612"
      url: "https://pub.dev"
    source: hosted
    version: "3.2.0"
  geocoding:
    dependency: "direct main"
    description:
      name: geocoding
      sha256: b34c0501bbbaf3190b85bef3078b27cf66c28a8915c6d3af50d67f356aa7da31
      url: "https://pub.dev"
    source: hosted
    version: "2.1.0"
  geocoding_android:
    dependency: transitive
    description:
      name: geocoding_android
      sha256: "609db1d71bc364dd9d0616f72a41c01e0c74f3a3807efb85e0d5a67e57baf50f"
      url: "https://pub.dev"
    source: hosted
    version: "2.1.2"
  geocoding_ios:
    dependency: transitive
    description:
      name: geocoding_ios
      sha256: c85495ce8fb34e4fbd2dd8fc5f79263d622d9f88c4af948c965daf6b27a7f3a1
      url: "https://pub.dev"
    source: hosted
    version: "2.1.0"
  geocoding_platform_interface:
    dependency: transitive
    description:
      name: geocoding_platform_interface
      sha256: "8848605d307d844d89937cdb4b8ad7dfa880552078f310fa24d8a460f6dddab4"
      url: "https://pub.dev"
    source: hosted
    version: "2.0.1"
  geoimage:
    dependency: "direct main"
    description:
      name: geoimage
      sha256: aa1de97b5c74bc98df1a8ca26ac2ebc6f76c6e4694d0b69dfd0096e670b93b72
      url: "https://pub.dev"
    source: hosted
    version: "0.4.0"
  geojson_vi:
    dependency: transitive
    description:
      name: geojson_vi
      sha256: a364e173c2093b67e24b542c73aa7b43aa5ddcbc58c65fe9eac5ae38bd26e977
      url: "https://pub.dev"
    source: hosted
    version: "2.2.0"
  glob:
    dependency: transitive
    description:
      name: glob
      sha256: "0e7014b3b7d4dac1ca4d6114f82bf1782ee86745b9b42a92c9289c23d8a0ab63"
      url: "https://pub.dev"
    source: hosted
    version: "2.1.2"
  golden_toolkit:
    dependency: transitive
    description:
      name: golden_toolkit
      sha256: "3a37d474cdb8f4505ff8be9f1bb248a6bf3e80ee22ef3c8c3c4c805fff7fa153"
      url: "https://pub.dev"
    source: hosted
    version: "0.14.0"
  gpx:
    dependency: "direct main"
    description:
      name: gpx
      sha256: "2afa90c9faf6687e8013a1d159204b81b95da6d6d931b9832111bf10d3e6c229"
      url: "https://pub.dev"
    source: hosted
    version: "2.2.1"
  http:
    dependency: transitive
    description:
      name: http
      sha256: "5895291c13fa8a3bd82e76d5627f69e0d85ca6a30dcac95c4ea19a5d555879c2"
      url: "https://pub.dev"
    source: hosted
    version: "0.13.6"
  http_client_helper:
    dependency: transitive
    description:
      name: http_client_helper
      sha256: "14c6e756644339f561321dab021215475ba4779aa962466f59ccb3ecf66b36c3"
      url: "https://pub.dev"
    source: hosted
    version: "2.0.4"
  http_multi_server:
    dependency: transitive
    description:
      name: http_multi_server
      sha256: "97486f20f9c2f7be8f514851703d0119c3596d14ea63227af6f7a481ef2b2f8b"
      url: "https://pub.dev"
    source: hosted
    version: "3.2.1"
  http_parser:
    dependency: transitive
    description:
      name: http_parser
      sha256: "2aa08ce0341cc9b354a498388e30986515406668dbcc4f7c950c3e715496693b"
      url: "https://pub.dev"
    source: hosted
    version: "4.0.2"
  idb_shim:
    dependency: transitive
    description:
      name: idb_shim
      sha256: e22cbec15c3732ce53ad79927f106e7be7d4a66f836eb6270b51450c15bd7b84
      url: "https://pub.dev"
    source: hosted
    version: "2.3.1"
  image:
    dependency: transitive
    description:
      name: image
      sha256: a72242c9a0ffb65d03de1b7113bc4e189686fc07c7147b8b41811d0dd0e0d9bf
      url: "https://pub.dev"
    source: hosted
    version: "4.0.17"
  image_picker:
    dependency: transitive
    description:
      name: image_picker
      sha256: b6951e25b795d053a6ba03af5f710069c99349de9341af95155d52665cb4607c
      url: "https://pub.dev"
    source: hosted
    version: "0.8.9"
  image_picker_android:
    dependency: transitive
    description:
      name: image_picker_android
      sha256: "47da2161c2e9f8f8a9cbbd89d466d174333fbdd769aeed848912e0b16d9cb369"
      url: "https://pub.dev"
    source: hosted
    version: "0.8.8"
  image_picker_for_web:
    dependency: transitive
    description:
      name: image_picker_for_web
      sha256: "869fe8a64771b7afbc99fc433a5f7be2fea4d1cb3d7c11a48b6b579eb9c797f0"
      url: "https://pub.dev"
    source: hosted
    version: "2.2.0"
  image_picker_ios:
    dependency: transitive
    description:
      name: image_picker_ios
      sha256: c5538cacefacac733c724be7484377923b476216ad1ead35a0d2eadcdc0fc497
      url: "https://pub.dev"
    source: hosted
    version: "0.8.8+2"
  image_picker_linux:
    dependency: transitive
    description:
      name: image_picker_linux
      sha256: "4ed1d9bb36f7cd60aa6e6cd479779cc56a4cb4e4de8f49d487b1aaad831300fa"
      url: "https://pub.dev"
    source: hosted
    version: "0.2.1+1"
  image_picker_macos:
    dependency: transitive
    description:
      name: image_picker_macos
      sha256: "3f5ad1e8112a9a6111c46d0b57a7be2286a9a07fc6e1976fdf5be2bd31d4ff62"
      url: "https://pub.dev"
    source: hosted
    version: "0.2.1+1"
  image_picker_platform_interface:
    dependency: transitive
    description:
      name: image_picker_platform_interface
      sha256: ed9b00e63977c93b0d2d2b343685bed9c324534ba5abafbb3dfbd6a780b1b514
      url: "https://pub.dev"
    source: hosted
    version: "2.9.1"
  image_picker_windows:
    dependency: transitive
    description:
      name: image_picker_windows
      sha256: "6ad07afc4eb1bc25f3a01084d28520496c4a3bb0cb13685435838167c9dcedeb"
      url: "https://pub.dev"
    source: hosted
    version: "0.2.1+1"
  intl:
    dependency: "direct main"
    description:
      name: intl
      sha256: "3bc132a9dbce73a7e4a21a17d06e1878839ffbf975568bc875c60537824b0c4d"
      url: "https://pub.dev"
    source: hosted
    version: "0.18.1"
  io:
    dependency: transitive
    description:
      name: io
      sha256: "2ec25704aba361659e10e3e5f5d672068d332fc8ac516421d483a11e5cbd061e"
      url: "https://pub.dev"
    source: hosted
    version: "1.0.4"
  js:
    dependency: transitive
    description:
      name: js
      sha256: f2c445dce49627136094980615a031419f7f3eb393237e4ecd97ac15dea343f3
      url: "https://pub.dev"
    source: hosted
    version: "0.6.7"
  json_annotation:
    dependency: transitive
    description:
      name: json_annotation
      sha256: b10a7b2ff83d83c777edba3c6a0f97045ddadd56c944e1a23a3fdf43a1bf4467
      url: "https://pub.dev"
    source: hosted
    version: "4.8.1"
  lat_lon_grid_plugin:
    dependency: "direct main"
    description:
      name: lat_lon_grid_plugin
      sha256: aa1e962f4f8b7f558d3813fbb8eb874720712339a3c51a7181deff0ee1eca892
      url: "https://pub.dev"
    source: hosted
    version: "0.2.7"
  latlong2:
    dependency: "direct main"
    description:
      name: latlong2
      sha256: "08ef7282ba9f76e8495e49e2dc4d653015ac929dce5f92b375a415d30b407ea0"
      url: "https://pub.dev"
    source: hosted
    version: "0.8.2"
  lints:
    dependency: "direct dev"
    description:
      name: lints
      sha256: a2c3d198cb5ea2e179926622d433331d8b58374ab8f29cdda6e863bd62fd369c
      url: "https://pub.dev"
    source: hosted
    version: "1.0.1"
  lists:
    dependency: transitive
    description:
      name: lists
      sha256: "4ca5c19ae4350de036a7e996cdd1ee39c93ac0a2b840f4915459b7d0a7d4ab27"
      url: "https://pub.dev"
    source: hosted
    version: "1.0.1"
  logging:
    dependency: transitive
    description:
      name: logging
      sha256: "623a88c9594aa774443aa3eb2d41807a48486b5613e67599fb4c41c0ad47c340"
      url: "https://pub.dev"
    source: hosted
    version: "1.2.0"
  mapsforge_flutter:
    dependency: "direct main"
    description:
      path: mapsforge_flutter
      ref: smash_compats
      resolved-ref: "94c7672e9f90d57489179902a6b5a47d7d17a6af"
      url: "https://github.com/moovida/mapsforge_flutter.git"
    source: git
    version: "2.0.2"
  matcher:
    dependency: transitive
    description:
      name: matcher
      sha256: "1803e76e6653768d64ed8ff2e1e67bea3ad4b923eb5c56a295c3e634bad5960e"
      url: "https://pub.dev"
    source: hosted
    version: "0.12.16"
  material_color_utilities:
    dependency: transitive
    description:
      name: material_color_utilities
      sha256: "9528f2f296073ff54cb9fee677df673ace1218163c3bc7628093e7eed5203d41"
      url: "https://pub.dev"
    source: hosted
    version: "0.5.0"
  material_design_icons_flutter:
    dependency: transitive
    description:
      name: material_design_icons_flutter
      sha256: "6f986b7a51f3ad4c00e33c5c84e8de1bdd140489bbcdc8b66fc1283dad4dea5a"
      url: "https://pub.dev"
    source: hosted
    version: "7.0.7296"
  meta:
    dependency: transitive
    description:
      name: meta
      sha256: "3c74dbf8763d36539f114c799d8a2d87343b5067e9d796ca22b5eb8437090ee3"
      url: "https://pub.dev"
    source: hosted
    version: "1.9.1"
  mgrs_dart:
    dependency: transitive
    description:
      name: mgrs_dart
      sha256: fb89ae62f05fa0bb90f70c31fc870bcbcfd516c843fb554452ab3396f78586f7
      url: "https://pub.dev"
    source: hosted
    version: "2.0.0"
  mime:
    dependency: transitive
    description:
      name: mime
      sha256: e4ff8e8564c03f255408decd16e7899da1733852a9110a58fe6d1b817684a63e
      url: "https://pub.dev"
    source: hosted
    version: "1.0.4"
  nested:
    dependency: transitive
    description:
      name: nested
      sha256: "03bac4c528c64c95c722ec99280375a6f2fc708eec17c7b3f07253b626cd2a20"
      url: "https://pub.dev"
    source: hosted
    version: "1.0.0"
  node_preamble:
    dependency: transitive
    description:
      name: node_preamble
      sha256: "6e7eac89047ab8a8d26cf16127b5ed26de65209847630400f9aefd7cd5c730db"
      url: "https://pub.dev"
    source: hosted
    version: "2.0.2"
  package_config:
    dependency: transitive
    description:
      name: package_config
      sha256: "1c5b77ccc91e4823a5af61ee74e6b972db1ef98c2ff5a18d3161c982a55448bd"
      url: "https://pub.dev"
    source: hosted
    version: "2.1.0"
  package_info_plus:
    dependency: "direct main"
    description:
      name: package_info_plus
      sha256: "6ff267fcd9d48cb61c8df74a82680e8b82e940231bb5f68356672fde0397334a"
      url: "https://pub.dev"
    source: hosted
    version: "4.1.0"
  package_info_plus_platform_interface:
    dependency: transitive
    description:
      name: package_info_plus_platform_interface
      sha256: "9bc8ba46813a4cc42c66ab781470711781940780fd8beddd0c3da62506d3a6c6"
      url: "https://pub.dev"
    source: hosted
    version: "2.0.1"
  painter:
    dependency: "direct main"
    description:
      name: painter
      sha256: "8919468e313a5d8ded41ee1e6db8dec72dd85359174b7866feef8fbc82c603cc"
      url: "https://pub.dev"
    source: hosted
    version: "2.0.0"
  path:
    dependency: transitive
    description:
      name: path
      sha256: "8829d8a55c13fc0e37127c29fedf290c102f4e40ae94ada574091fe0ff96c917"
      url: "https://pub.dev"
    source: hosted
    version: "1.8.3"
  path_drawing:
    dependency: transitive
    description:
      name: path_drawing
      sha256: bbb1934c0cbb03091af082a6389ca2080345291ef07a5fa6d6e078ba8682f977
      url: "https://pub.dev"
    source: hosted
    version: "1.0.1"
  path_parsing:
    dependency: transitive
    description:
      name: path_parsing
      sha256: e3e67b1629e6f7e8100b367d3db6ba6af4b1f0bb80f64db18ef1fbabd2fa9ccf
      url: "https://pub.dev"
    source: hosted
    version: "1.0.1"
  path_provider:
    dependency: transitive
    description:
      name: path_provider
      sha256: a1aa8aaa2542a6bc57e381f132af822420216c80d4781f7aa085ca3229208aaa
      url: "https://pub.dev"
    source: hosted
    version: "2.1.1"
  path_provider_android:
    dependency: transitive
    description:
      name: path_provider_android
      sha256: "6b8b19bd80da4f11ce91b2d1fb931f3006911477cec227cce23d3253d80df3f1"
      url: "https://pub.dev"
    source: hosted
    version: "2.2.0"
  path_provider_ex:
    dependency: transitive
    description:
      path: "."
      ref: "feature/nullsafemigration"
      resolved-ref: "7acf51174f589912cefe7d0d17a9dd0e25584839"
      url: "https://github.com/atrope/flutter_path_provider_ex.git"
    source: git
    version: "2.0.1"
  path_provider_foundation:
    dependency: transitive
    description:
      name: path_provider_foundation
      sha256: "19314d595120f82aca0ba62787d58dde2cc6b5df7d2f0daf72489e38d1b57f2d"
      url: "https://pub.dev"
    source: hosted
    version: "2.3.1"
  path_provider_linux:
    dependency: transitive
    description:
      name: path_provider_linux
      sha256: f7a1fe3a634fe7734c8d3f2766ad746ae2a2884abe22e241a8b301bf5cac3279
      url: "https://pub.dev"
    source: hosted
    version: "2.2.1"
  path_provider_platform_interface:
    dependency: transitive
    description:
      name: path_provider_platform_interface
      sha256: "94b1e0dd80970c1ce43d5d4e050a9918fce4f4a775e6142424c30a29a363265c"
      url: "https://pub.dev"
    source: hosted
    version: "2.1.1"
  path_provider_windows:
    dependency: transitive
    description:
      name: path_provider_windows
      sha256: "8bc9f22eee8690981c22aa7fc602f5c85b497a6fb2ceb35ee5a5e5ed85ad8170"
      url: "https://pub.dev"
    source: hosted
    version: "2.2.1"
  pdf:
    dependency: transitive
    description:
      name: pdf
      sha256: "9f75fc7f5580ea5e635b5724de58fb27f684c9ad03ed46fdc1aac768e4557315"
      url: "https://pub.dev"
    source: hosted
    version: "3.10.4"
  pedantic:
    dependency: transitive
    description:
      name: pedantic
      sha256: "67fc27ed9639506c856c840ccce7594d0bdcd91bc8d53d6e52359449a1d50602"
      url: "https://pub.dev"
    source: hosted
    version: "1.11.1"
  permission_handler:
    dependency: "direct main"
    description:
      name: permission_handler
      sha256: bc56bfe9d3f44c3c612d8d393bd9b174eb796d706759f9b495ac254e4294baa5
      url: "https://pub.dev"
    source: hosted
    version: "10.4.5"
  permission_handler_android:
    dependency: transitive
    description:
      name: permission_handler_android
      sha256: "59c6322171c29df93a22d150ad95f3aa19ed86542eaec409ab2691b8f35f9a47"
      url: "https://pub.dev"
    source: hosted
    version: "10.3.6"
  permission_handler_apple:
    dependency: transitive
    description:
      name: permission_handler_apple
      sha256: "99e220bce3f8877c78e4ace901082fb29fa1b4ebde529ad0932d8d664b34f3f5"
      url: "https://pub.dev"
    source: hosted
    version: "9.1.4"
  permission_handler_platform_interface:
    dependency: transitive
    description:
      name: permission_handler_platform_interface
      sha256: f2343e9fa9c22ae4fd92d4732755bfe452214e7189afcc097380950cf567b4b2
      url: "https://pub.dev"
    source: hosted
    version: "3.11.5"
  permission_handler_windows:
    dependency: transitive
    description:
      name: permission_handler_windows
      sha256: cc074aace208760f1eee6aa4fae766b45d947df85bc831cde77009cdb4720098
      url: "https://pub.dev"
    source: hosted
    version: "0.1.3"
  petitparser:
    dependency: transitive
    description:
      name: petitparser
      sha256: cb3798bef7fc021ac45b308f4b51208a152792445cce0448c9a4ba5879dd8750
      url: "https://pub.dev"
    source: hosted
    version: "5.4.0"
  platform:
    dependency: transitive
    description:
      name: platform
      sha256: ae68c7bfcd7383af3629daafb32fb4e8681c7154428da4febcff06200585f102
      url: "https://pub.dev"
    source: hosted
    version: "3.1.2"
  plugin_platform_interface:
    dependency: transitive
    description:
      name: plugin_platform_interface
      sha256: da3fdfeccc4d4ff2da8f8c556704c08f912542c5fb3cf2233ed75372384a034d
      url: "https://pub.dev"
    source: hosted
    version: "2.1.6"
  pointycastle:
    dependency: transitive
    description:
      name: pointycastle
      sha256: "7c1e5f0d23c9016c5bbd8b1473d0d3fb3fc851b876046039509e18e0c7485f2c"
      url: "https://pub.dev"
    source: hosted
    version: "3.7.3"
  polylabel:
    dependency: transitive
    description:
      name: polylabel
      sha256: "41b9099afb2aa6c1730bdd8a0fab1400d287694ec7615dd8516935fa3144214b"
      url: "https://pub.dev"
    source: hosted
    version: "1.0.1"
  pool:
    dependency: transitive
    description:
      name: pool
      sha256: "20fe868b6314b322ea036ba325e6fc0711a22948856475e2c2b6306e8ab39c2a"
      url: "https://pub.dev"
    source: hosted
    version: "1.5.1"
  postgres:
    dependency: transitive
    description:
      name: postgres
      sha256: "98457afc06dd3f9d6892c178ea03ca9659e454107c9be90111e607691998d70d"
      url: "https://pub.dev"
    source: hosted
    version: "2.6.2"
  proj4dart:
    dependency: transitive
    description:
      name: proj4dart
      sha256: c8a659ac9b6864aa47c171e78d41bbe6f5e1d7bd790a5814249e6b68bc44324e
      url: "https://pub.dev"
    source: hosted
    version: "2.1.0"
  provider:
    dependency: transitive
    description:
      name: provider
      sha256: cdbe7530b12ecd9eb455bdaa2fcb8d4dad22e80b8afb4798b41479d5ce26847f
      url: "https://pub.dev"
    source: hosted
    version: "6.0.5"
  pub_semver:
    dependency: transitive
    description:
      name: pub_semver
      sha256: "40d3ab1bbd474c4c2328c91e3a7df8c6dd629b79ece4c4bd04bee496a224fb0c"
      url: "https://pub.dev"
    source: hosted
    version: "2.1.4"
  qr:
    dependency: transitive
    description:
      name: qr
      sha256: "64957a3930367bf97cc211a5af99551d630f2f4625e38af10edd6b19131b64b3"
      url: "https://pub.dev"
    source: hosted
    version: "3.0.1"
  queue:
    dependency: transitive
    description:
      name: queue
      sha256: "9a41ecadc15db79010108c06eae229a45c56b18db699760f34e8c9ac9b831ff9"
      url: "https://pub.dev"
    source: hosted
    version: "3.1.0+2"
  quiver:
    dependency: transitive
    description:
      name: quiver
      sha256: b1c1ac5ce6688d77f65f3375a9abb9319b3cb32486bdc7a1e0fdf004d7ba4e47
      url: "https://pub.dev"
    source: hosted
    version: "3.2.1"
  rainbow_color:
    dependency: "direct main"
    description:
      name: rainbow_color
      sha256: f207a81ecf6ab9f13f38c8966c8ef81ddadd5e62f0d1d457a4e6c86678f12563
      url: "https://pub.dev"
    source: hosted
    version: "2.0.1"
  rainbow_vis:
    dependency: transitive
    description:
      name: rainbow_vis
      sha256: "4b4873fdfffc5f6d7519215c913478294d44792b9706d212b626e793a9fec171"
      url: "https://pub.dev"
    source: hosted
    version: "2.0.0"
  rxdart:
    dependency: transitive
    description:
      name: rxdart
      sha256: "0c7c0cedd93788d996e33041ffecda924cc54389199cde4e6a34b440f50044cb"
      url: "https://pub.dev"
    source: hosted
    version: "0.27.7"
  sasl_scram:
    dependency: transitive
    description:
      name: sasl_scram
      sha256: a47207a436eb650f8fdcf54a2e2587b850dc3caef9973ce01f332b07a6fc9cb9
      url: "https://pub.dev"
    source: hosted
    version: "0.1.1"
  saslprep:
    dependency: transitive
    description:
      name: saslprep
      sha256: "79c9e163a82f55da542feaf0f7a59031e74493299c92008b2b404cd88d639bb4"
      url: "https://pub.dev"
    source: hosted
    version: "1.0.2"
  sembast:
    dependency: transitive
    description:
      name: sembast
      sha256: "85ff944434f7b566fdc388be4f85b23e954736b7d6e51f965f4f419d966c15b1"
      url: "https://pub.dev"
    source: hosted
    version: "3.5.0+1"
  share_extend:
    dependency: transitive
    description:
      name: share_extend
      sha256: "98c26f04abae42b0d2080102a42a2653a867a4bec862be1e921cb0cf7cc00916"
      url: "https://pub.dev"
    source: hosted
    version: "2.0.0"
  shared_preferences:
    dependency: transitive
    description:
      name: shared_preferences
      sha256: b7f41bad7e521d205998772545de63ff4e6c97714775902c199353f8bf1511ac
      url: "https://pub.dev"
    source: hosted
    version: "2.2.1"
  shared_preferences_android:
    dependency: transitive
    description:
      name: shared_preferences_android
      sha256: "8568a389334b6e83415b6aae55378e158fbc2314e074983362d20c562780fb06"
      url: "https://pub.dev"
    source: hosted
    version: "2.2.1"
  shared_preferences_foundation:
    dependency: transitive
    description:
      name: shared_preferences_foundation
      sha256: "7bf53a9f2d007329ee6f3df7268fd498f8373602f943c975598bbb34649b62a7"
      url: "https://pub.dev"
    source: hosted
    version: "2.3.4"
  shared_preferences_linux:
    dependency: transitive
    description:
      name: shared_preferences_linux
      sha256: c2eb5bf57a2fe9ad6988121609e47d3e07bb3bdca5b6f8444e4cf302428a128a
      url: "https://pub.dev"
    source: hosted
    version: "2.3.1"
  shared_preferences_platform_interface:
    dependency: transitive
    description:
      name: shared_preferences_platform_interface
      sha256: d4ec5fc9ebb2f2e056c617112aa75dcf92fc2e4faaf2ae999caa297473f75d8a
      url: "https://pub.dev"
    source: hosted
    version: "2.3.1"
  shared_preferences_web:
    dependency: transitive
    description:
      name: shared_preferences_web
      sha256: d762709c2bbe80626ecc819143013cc820fa49ca5e363620ee20a8b15a3e3daf
      url: "https://pub.dev"
    source: hosted
    version: "2.2.1"
  shared_preferences_windows:
    dependency: transitive
    description:
      name: shared_preferences_windows
      sha256: f763a101313bd3be87edffe0560037500967de9c394a714cd598d945517f694f
      url: "https://pub.dev"
    source: hosted
    version: "2.3.1"
  shelf:
    dependency: transitive
    description:
      name: shelf
      sha256: ad29c505aee705f41a4d8963641f91ac4cee3c8fad5947e033390a7bd8180fa4
      url: "https://pub.dev"
    source: hosted
    version: "1.4.1"
  shelf_packages_handler:
    dependency: transitive
    description:
      name: shelf_packages_handler
      sha256: "89f967eca29607c933ba9571d838be31d67f53f6e4ee15147d5dc2934fee1b1e"
      url: "https://pub.dev"
    source: hosted
    version: "3.0.2"
  shelf_static:
    dependency: transitive
    description:
      name: shelf_static
      sha256: a41d3f53c4adf0f57480578c1d61d90342cd617de7fc8077b1304643c2d85c1e
      url: "https://pub.dev"
    source: hosted
    version: "1.1.2"
  shelf_web_socket:
    dependency: transitive
    description:
      name: shelf_web_socket
      sha256: "9ca081be41c60190ebcb4766b2486a7d50261db7bd0f5d9615f2d653637a84c1"
      url: "https://pub.dev"
    source: hosted
    version: "1.0.4"
  sky_engine:
    dependency: transitive
    description: flutter
    source: sdk
    version: "0.0.99"
  smash_import_export_plugins:
    dependency: "direct main"
    description:
      path: smash_import_export_plugins
      relative: true
    source: path
    version: "0.0.1"
  smashlibs:
    dependency: "direct main"
    description:
      path: smashlibs
      relative: true
    source: path
    version: "1.0.0"
  source_map_stack_trace:
    dependency: transitive
    description:
      name: source_map_stack_trace
      sha256: "84cf769ad83aa6bb61e0aa5a18e53aea683395f196a6f39c4c881fb90ed4f7ae"
      url: "https://pub.dev"
    source: hosted
    version: "2.1.1"
  source_maps:
    dependency: transitive
    description:
      name: source_maps
      sha256: "708b3f6b97248e5781f493b765c3337db11c5d2c81c3094f10904bfa8004c703"
      url: "https://pub.dev"
    source: hosted
    version: "0.10.12"
  source_span:
    dependency: transitive
    description:
      name: source_span
      sha256: "53e943d4206a5e30df338fd4c6e7a077e02254531b138a15aec3bd143c1a8b3c"
      url: "https://pub.dev"
    source: hosted
    version: "1.10.0"
  sqlite3:
    dependency: transitive
    description:
      name: sqlite3
      sha256: db65233e6b99e99b2548932f55a987961bc06d82a31a0665451fa0b4fff4c3fb
      url: "https://pub.dev"
    source: hosted
    version: "2.1.0"
  sqlite3_flutter_libs:
    dependency: "direct main"
    description:
      name: sqlite3_flutter_libs
      sha256: "11a41f380fbcbda5bbba03ddcdbe0545e46094ab043783c46c70e8335831df03"
      url: "https://pub.dev"
    source: hosted
    version: "0.5.17"
  stack_trace:
    dependency: "direct main"
    description:
      name: stack_trace
      sha256: c3c7d8edb15bee7f0f74debd4b9c5f3c2ea86766fe4178eb2a18eb30a0bdaed5
      url: "https://pub.dev"
    source: hosted
    version: "1.11.0"
  stream_channel:
    dependency: transitive
    description:
      name: stream_channel
      sha256: "83615bee9045c1d322bbbd1ba209b7a749c2cbcdcb3fdd1df8eb488b3279c1c8"
      url: "https://pub.dev"
    source: hosted
    version: "2.1.1"
  string_scanner:
    dependency: transitive
    description:
      name: string_scanner
      sha256: "556692adab6cfa87322a115640c11f13cb77b3f076ddcc5d6ae3c20242bedcde"
      url: "https://pub.dev"
    source: hosted
    version: "1.2.0"
  synchronized:
    dependency: "direct main"
    description:
      name: synchronized
      sha256: "5fcbd27688af6082f5abd611af56ee575342c30e87541d0245f7ff99faa02c60"
      url: "https://pub.dev"
    source: hosted
    version: "3.1.0"
  term_glyph:
    dependency: transitive
    description:
      name: term_glyph
      sha256: a29248a84fbb7c79282b40b8c72a1209db169a2e0542bce341da992fe1bc7e84
      url: "https://pub.dev"
    source: hosted
    version: "1.2.1"
  test:
    dependency: "direct dev"
    description:
      name: test
      sha256: "13b41f318e2a5751c3169137103b60c584297353d4b1761b66029bae6411fe46"
      url: "https://pub.dev"
    source: hosted
    version: "1.24.3"
  test_api:
    dependency: transitive
    description:
      name: test_api
      sha256: "75760ffd7786fffdfb9597c35c5b27eaeec82be8edfb6d71d32651128ed7aab8"
      url: "https://pub.dev"
    source: hosted
    version: "0.6.0"
  test_core:
    dependency: transitive
    description:
      name: test_core
      sha256: "99806e9e6d95c7b059b7a0fc08f07fc53fabe54a829497f0d9676299f1e8637e"
      url: "https://pub.dev"
    source: hosted
    version: "0.5.3"
  tuple:
    dependency: transitive
    description:
      name: tuple
      sha256: a97ce2013f240b2f3807bcbaf218765b6f301c3eff91092bcfa23a039e7dd151
      url: "https://pub.dev"
    source: hosted
    version: "2.0.2"
  tutorial_coach_mark:
    dependency: "direct main"
    description:
      name: tutorial_coach_mark
      sha256: ba60583d1b500111bf5040eb24330862b25162d926f72923b8e45c16621878b0
      url: "https://pub.dev"
    source: hosted
    version: "1.2.9"
  typed_data:
    dependency: transitive
    description:
      name: typed_data
      sha256: facc8d6582f16042dd49f2463ff1bd6e2c9ef9f3d5da3d9b087e244a7b564b3c
      url: "https://pub.dev"
    source: hosted
    version: "1.3.2"
  unicode:
    dependency: transitive
    description:
      name: unicode
      sha256: "0f69e46593d65245774d4f17125c6084d2c20b4e473a983f6e21b7d7762218f1"
      url: "https://pub.dev"
    source: hosted
    version: "0.3.1"
  unorm_dart:
    dependency: transitive
    description:
      name: unorm_dart
      sha256: "5b35bff83fce4d76467641438f9e867dc9bcfdb8c1694854f230579d68cd8f4b"
      url: "https://pub.dev"
    source: hosted
    version: "0.2.0"
  url_launcher:
    dependency: "direct main"
    description:
      name: url_launcher
      sha256: "47e208a6711459d813ba18af120d9663c20bdf6985d6ad39fe165d2538378d27"
      url: "https://pub.dev"
    source: hosted
    version: "6.1.14"
  url_launcher_android:
    dependency: transitive
    description:
      name: url_launcher_android
      sha256: b04af59516ab45762b2ca6da40fa830d72d0f6045cd97744450b73493fa76330
      url: "https://pub.dev"
    source: hosted
    version: "6.1.0"
  url_launcher_ios:
    dependency: transitive
    description:
      name: url_launcher_ios
      sha256: "7c65021d5dee51813d652357bc65b8dd4a6177082a9966bc8ba6ee477baa795f"
      url: "https://pub.dev"
    source: hosted
    version: "6.1.5"
  url_launcher_linux:
    dependency: transitive
    description:
      name: url_launcher_linux
      sha256: b651aad005e0cb06a01dbd84b428a301916dc75f0e7ea6165f80057fee2d8e8e
      url: "https://pub.dev"
    source: hosted
    version: "3.0.6"
  url_launcher_macos:
    dependency: transitive
    description:
      name: url_launcher_macos
      sha256: b55486791f666e62e0e8ff825e58a023fd6b1f71c49926483f1128d3bbd8fe88
      url: "https://pub.dev"
    source: hosted
    version: "3.0.7"
  url_launcher_platform_interface:
    dependency: transitive
    description:
      name: url_launcher_platform_interface
      sha256: "95465b39f83bfe95fcb9d174829d6476216f2d548b79c38ab2506e0458787618"
      url: "https://pub.dev"
    source: hosted
    version: "2.1.5"
  url_launcher_web:
    dependency: transitive
    description:
      name: url_launcher_web
      sha256: "2942294a500b4fa0b918685aff406773ba0a4cd34b7f42198742a94083020ce5"
      url: "https://pub.dev"
    source: hosted
    version: "2.0.20"
  url_launcher_windows:
    dependency: transitive
    description:
      name: url_launcher_windows
      sha256: "95fef3129dc7cfaba2bc3d5ba2e16063bb561fc6d78e63eee16162bc70029069"
      url: "https://pub.dev"
    source: hosted
    version: "3.0.8"
  vector_math:
    dependency: transitive
    description:
      name: vector_math
      sha256: "80b3257d1492ce4d091729e3a67a60407d227c27241d6927be0130c98e741803"
      url: "https://pub.dev"
    source: hosted
    version: "2.1.4"
  vm_service:
    dependency: transitive
    description:
      name: vm_service
      sha256: c538be99af830f478718b51630ec1b6bee5e74e52c8a802d328d9e71d35d2583
      url: "https://pub.dev"
    source: hosted
    version: "11.10.0"
  watcher:
    dependency: transitive
    description:
      name: watcher
      sha256: "3d2ad6751b3c16cf07c7fca317a1413b3f26530319181b37e3b9039b84fc01d8"
      url: "https://pub.dev"
    source: hosted
    version: "1.1.0"
  web:
    dependency: transitive
    description:
      name: web
      sha256: dc8ccd225a2005c1be616fe02951e2e342092edf968cf0844220383757ef8f10
      url: "https://pub.dev"
    source: hosted
    version: "0.1.4-beta"
  web_socket_channel:
    dependency: transitive
    description:
      name: web_socket_channel
      sha256: d88238e5eac9a42bb43ca4e721edba3c08c6354d4a53063afaa568516217621b
      url: "https://pub.dev"
    source: hosted
    version: "2.4.0"
  webkit_inspection_protocol:
    dependency: transitive
    description:
      name: webkit_inspection_protocol
      sha256: "87d3f2333bb240704cd3f1c6b5b7acd8a10e7f0bc28c28dcf14e782014f4a572"
      url: "https://pub.dev"
    source: hosted
    version: "1.2.1"
  win32:
    dependency: transitive
    description:
      name: win32
      sha256: "9e82a402b7f3d518fb9c02d0e9ae45952df31b9bf34d77baf19da2de03fc2aaa"
      url: "https://pub.dev"
    source: hosted
    version: "5.0.7"
  win32_registry:
    dependency: transitive
    description:
      name: win32_registry
      sha256: "41fd8a189940d8696b1b810efb9abcf60827b6cbfab90b0c43e8439e3a39d85a"
      url: "https://pub.dev"
    source: hosted
    version: "1.1.2"
  wkt_parser:
    dependency: transitive
    description:
      name: wkt_parser
      sha256: "8a555fc60de3116c00aad67891bcab20f81a958e4219cc106e3c037aa3937f13"
      url: "https://pub.dev"
    source: hosted
    version: "2.0.0"
  xdg_directories:
    dependency: transitive
    description:
      name: xdg_directories
      sha256: "589ada45ba9e39405c198fe34eb0f607cddb2108527e658136120892beac46d2"
      url: "https://pub.dev"
    source: hosted
    version: "1.0.3"
  xml:
    dependency: "direct main"
    description:
      name: xml
      sha256: "5bc72e1e45e941d825fd7468b9b4cc3b9327942649aeb6fc5cdbf135f0a86e84"
      url: "https://pub.dev"
    source: hosted
    version: "6.3.0"
  yaml:
    dependency: transitive
    description:
      name: yaml
      sha256: "75769501ea3489fca56601ff33454fe45507ea3bfb014161abc3b43ae25989d5"
      url: "https://pub.dev"
    source: hosted
    version: "3.1.2"
sdks:
  dart: ">=3.1.0 <4.0.0"
  flutter: ">=3.13.0"
