PODS:
  - catcher (0.0.1):
    - FlutterMacOS
  - device_info_plus_macos (0.0.1):
    - FlutterMacOS
  - FlutterMacOS (1.0.0)
  - package_info (0.0.1):
    - FlutterMacOS
  - package_info_plus_macos (0.0.1):
    - FlutterMacOS
  - path_provider_macos (0.0.1):
    - FlutterMacOS
  - shared_preferences_macos (0.0.1):
    - FlutterMacOS
  - sqlite3 (3.35.5):
    - sqlite3/common (= 3.35.5)
  - sqlite3/common (3.35.5)
  - sqlite3/fts5 (3.35.5):
    - sqlite3/common
  - sqlite3/json1 (3.35.5):
    - sqlite3/common
  - sqlite3/perf-threadsafe (3.35.5):
    - sqlite3/common
  - sqlite3/rtree (3.35.5):
    - sqlite3/common
  - sqlite3_flutter_libs (0.0.1):
    - FlutterMacOS
    - sqlite3 (~> 3.35.4)
    - sqlite3/fts5
    - sqlite3/json1
    - sqlite3/perf-threadsafe
    - sqlite3/rtree
  - url_launcher_macos (0.0.1):
    - FlutterMacOS

DEPENDENCIES:
  - catcher (from `Flutter/ephemeral/.symlinks/plugins/catcher/macos`)
  - device_info_plus_macos (from `Flutter/ephemeral/.symlinks/plugins/device_info_plus_macos/macos`)
  - FlutterMacOS (from `Flutter/ephemeral`)
  - package_info (from `Flutter/ephemeral/.symlinks/plugins/package_info/macos`)
  - package_info_plus_macos (from `Flutter/ephemeral/.symlinks/plugins/package_info_plus_macos/macos`)
  - path_provider_macos (from `Flutter/ephemeral/.symlinks/plugins/path_provider_macos/macos`)
  - shared_preferences_macos (from `Flutter/ephemeral/.symlinks/plugins/shared_preferences_macos/macos`)
  - sqlite3_flutter_libs (from `Flutter/ephemeral/.symlinks/plugins/sqlite3_flutter_libs/macos`)
  - url_launcher_macos (from `Flutter/ephemeral/.symlinks/plugins/url_launcher_macos/macos`)

SPEC REPOS:
  trunk:
    - sqlite3

EXTERNAL SOURCES:
  catcher:
    :path: Flutter/ephemeral/.symlinks/plugins/catcher/macos
  device_info_plus_macos:
    :path: Flutter/ephemeral/.symlinks/plugins/device_info_plus_macos/macos
  FlutterMacOS:
    :path: Flutter/ephemeral
  package_info:
    :path: Flutter/ephemeral/.symlinks/plugins/package_info/macos
  package_info_plus_macos:
    :path: Flutter/ephemeral/.symlinks/plugins/package_info_plus_macos/macos
  path_provider_macos:
    :path: Flutter/ephemeral/.symlinks/plugins/path_provider_macos/macos
  shared_preferences_macos:
    :path: Flutter/ephemeral/.symlinks/plugins/shared_preferences_macos/macos
  sqlite3_flutter_libs:
    :path: Flutter/ephemeral/.symlinks/plugins/sqlite3_flutter_libs/macos
  url_launcher_macos:
    :path: Flutter/ephemeral/.symlinks/plugins/url_launcher_macos/macos

SPEC CHECKSUMS:
  catcher: dc8ecb9a4d3e6e36bd403cd34e13673f7ed7ca70
  device_info_plus_macos: 1ad388a1ef433505c4038e7dd9605aadd1e2e9c7
  FlutterMacOS: 57701585bf7de1b3fc2bb61f6378d73bbdea8424
  package_info: 6eba2fd8d3371dda2d85c8db6fe97488f24b74b2
  package_info_plus_macos: f010621b07802a241d96d01876d6705f15e77c1c
  path_provider_macos: 160cab0d5461f0c0e02995469a98f24bdb9a3f1f
  shared_preferences_macos: 480ce071d0666e37cef23fe6c702293a3d21799e
  sqlite3: 75da32fd4e3574f6c38566a9f0114cfe792c8db5
  sqlite3_flutter_libs: b8781af39b939e25ca76000127ed83312b974f08
  url_launcher_macos: 45af3d61de06997666568a7149c1be98b41c95d4

PODFILE CHECKSUM: 6eac6b3292e5142cfc23bdeb71848a40ec51c14c

COCOAPODS: 1.10.1
